
Microsoft Visual Studio Solution File, Format Version 12.00
# Visual Studio Version 17
VisualStudioVersion = 17.3.32825.248
MinimumVisualStudioVersion = 10.0.40219.1
Project("{FAE04EC0-301F-11D3-BF4B-00C04F79EFBC}") = "Практическая работ 9", "Практическая работ 9\Практическая работ 9.csproj", "{7A178F08-3923-467E-B97C-F33232B776A9}"
EndProject
Project("{2150E333-8FDC-42A3-9474-1A3956D46DE8}") = "Solution Items", "Solution Items", "{A69A294D-B612-4774-A734-1E6A77129B43}"
	ProjectSection(SolutionItems) = preProject
		.editorconfig = .editorconfig
	EndProjectSection
EndProject
Global
	GlobalSection(SolutionConfigurationPlatforms) = preSolution
		Debug|Any CPU = Debug|Any CPU
		Release|Any CPU = Release|Any CPU
	EndGlobalSection
	GlobalSection(ProjectConfigurationPlatforms) = postSolution
		{7A178F08-3923-467E-B97C-F33232B776A9}.Debug|Any CPU.ActiveCfg = Debug|Any CPU
		{7A178F08-3923-467E-B97C-F33232B776A9}.Debug|Any CPU.Build.0 = Debug|Any CPU
		{7A178F08-3923-467E-B97C-F33232B776A9}.Release|Any CPU.ActiveCfg = Release|Any CPU
		{7A178F08-3923-467E-B97C-F33232B776A9}.Release|Any CPU.Build.0 = Release|Any CPU
	EndGlobalSection
	GlobalSection(SolutionProperties) = preSolution
		HideSolutionNode = FALSE
	EndGlobalSection
	GlobalSection(ExtensibilityGlobals) = postSolution
		SolutionGuid = {6A2F3C8C-E717-4351-8534-6460A46CE219}
	EndGlobalSection
EndGlobal
